// !$*UTF8*$!
{
	archiveVersion = 1;
	classes = {
	};
	objectVersion = 46;
	objects = {

/* Begin PBXBuildFile section */
		4C5154071A578DAC00B0CA8F /* Scorer.swift in Sources */ = {isa = PBXBuildFile; fileRef = 4C5154061A578DAC00B0CA8F /* Scorer.swift */; };
		4CA247401A5783EA00293D25 /* AppDelegate.swift in Sources */ = {isa = PBXBuildFile; fileRef = 4CA2473F1A5783EA00293D25 /* AppDelegate.swift */; };
		4CA247431A5783EA00293D25 /* Score__500.xcdatamodeld in Sources */ = {isa = PBXBuildFile; fileRef = 4CA247411A5783EA00293D25 /* Score__500.xcdatamodeld */; };
		4CA247451A5783EA00293D25 /* MasterViewController.swift in Sources */ = {isa = PBXBuildFile; fileRef = 4CA247441A5783EA00293D25 /* MasterViewController.swift */; };
		4CA247471A5783EA00293D25 /* DetailViewController.swift in Sources */ = {isa = PBXBuildFile; fileRef = 4CA247461A5783EA00293D25 /* DetailViewController.swift */; };
		4CA2474A1A5783EA00293D25 /* Main.storyboard in Resources */ = {isa = PBXBuildFile; fileRef = 4CA247481A5783EA00293D25 /* Main.storyboard */; };
		4CA2474C1A5783EA00293D25 /* Images.xcassets in Resources */ = {isa = PBXBuildFile; fileRef = 4CA2474B1A5783EA00293D25 /* Images.xcassets */; };
		4CA2474F1A5783EA00293D25 /* LaunchScreen.xib in Resources */ = {isa = PBXBuildFile; fileRef = 4CA2474D1A5783EA00293D25 /* LaunchScreen.xib */; };
		4CA2475B1A5783EA00293D25 /* Score__500Tests.swift in Sources */ = {isa = PBXBuildFile; fileRef = 4CA2475A1A5783EA00293D25 /* Score__500Tests.swift */; };
/* End PBXBuildFile section */

/* Begin PBXContainerItemProxy section */
		4CA247551A5783EA00293D25 /* PBXContainerItemProxy */ = {
			isa = PBXContainerItemProxy;
			containerPortal = 4CA247321A5783EA00293D25 /* Project object */;
			proxyType = 1;
			remoteGlobalIDString = 4CA247391A5783EA00293D25;
			remoteInfo = "Score! 500";
		};
/* End PBXContainerItemProxy section */

/* Begin PBXFileReference section */
		4C5154061A578DAC00B0CA8F /* Scorer.swift */ = {isa = PBXFileReference; fileEncoding = 4; lastKnownFileType = sourcecode.swift; path = Scorer.swift; sourceTree = "<group>"; };
		4CA2473A1A5783EA00293D25 /* Score! 500.app */ = {isa = PBXFileReference; explicitFileType = wrapper.application; includeInIndex = 0; path = "Score! 500.app"; sourceTree = BUILT_PRODUCTS_DIR; };
		4CA2473E1A5783EA00293D25 /* Info.plist */ = {isa = PBXFileReference; lastKnownFileType = text.plist.xml; path = Info.plist; sourceTree = "<group>"; };
		4CA2473F1A5783EA00293D25 /* AppDelegate.swift */ = {isa = PBXFileReference; lastKnownFileType = sourcecode.swift; path = AppDelegate.swift; sourceTree = "<group>"; };
		4CA247421A5783EA00293D25 /* Score__500.xcdatamodel */ = {isa = PBXFileReference; lastKnownFileType = wrapper.xcdatamodel; path = Score__500.xcdatamodel; sourceTree = "<group>"; };
		4CA247441A5783EA00293D25 /* MasterViewController.swift */ = {isa = PBXFileReference; lastKnownFileType = sourcecode.swift; path = MasterViewController.swift; sourceTree = "<group>"; };
		4CA247461A5783EA00293D25 /* DetailViewController.swift */ = {isa = PBXFileReference; lastKnownFileType = sourcecode.swift; path = DetailViewController.swift; sourceTree = "<group>"; };
		4CA247491A5783EA00293D25 /* Base */ = {isa = PBXFileReference; lastKnownFileType = file.storyboard; name = Base; path = Base.lproj/Main.storyboard; sourceTree = "<group>"; };
		4CA2474B1A5783EA00293D25 /* Images.xcassets */ = {isa = PBXFileReference; lastKnownFileType = folder.assetcatalog; path = Images.xcassets; sourceTree = "<group>"; };
		4CA2474E1A5783EA00293D25 /* Base */ = {isa = PBXFileReference; lastKnownFileType = file.xib; name = Base; path = Base.lproj/LaunchScreen.xib; sourceTree = "<group>"; };
		4CA247541A5783EA00293D25 /* Score! 500Tests.xctest */ = {isa = PBXFileReference; explicitFileType = wrapper.cfbundle; includeInIndex = 0; path = "Score! 500Tests.xctest"; sourceTree = BUILT_PRODUCTS_DIR; };
		4CA247591A5783EA00293D25 /* Info.plist */ = {isa = PBXFileReference; lastKnownFileType = text.plist.xml; path = Info.plist; sourceTree = "<group>"; };
		4CA2475A1A5783EA00293D25 /* Score__500Tests.swift */ = {isa = PBXFileReference; lastKnownFileType = sourcecode.swift; path = Score__500Tests.swift; sourceTree = "<group>"; };
/* End PBXFileReference section */

/* Begin PBXFrameworksBuildPhase section */
		4CA247371A5783EA00293D25 /* Frameworks */ = {
			isa = PBXFrameworksBuildPhase;
			buildActionMask = 2147483647;
			files = (
			);
			runOnlyForDeploymentPostprocessing = 0;
		};
		4CA247511A5783EA00293D25 /* Frameworks */ = {
			isa = PBXFrameworksBuildPhase;
			buildActionMask = 2147483647;
			files = (
			);
			runOnlyForDeploymentPostprocessing = 0;
		};
/* End PBXFrameworksBuildPhase section */

/* Begin PBXGroup section */
		4CA247311A5783EA00293D25 = {
			isa = PBXGroup;
			children = (
				4CA2473C1A5783EA00293D25 /* Score! 500 */,
				4CA247571A5783EA00293D25 /* Score! 500Tests */,
				4CA2473B1A5783EA00293D25 /* Products */,
			);
			sourceTree = "<group>";
		};
		4CA2473B1A5783EA00293D25 /* Products */ = {
			isa = PBXGroup;
			children = (
				4CA2473A1A5783EA00293D25 /* Score! 500.app */,
				4CA247541A5783EA00293D25 /* Score! 500Tests.xctest */,
			);
			name = Products;
			sourceTree = "<group>";
		};
		4CA2473C1A5783EA00293D25 /* Score! 500 */ = {
			isa = PBXGroup;
			children = (
				4CA2473F1A5783EA00293D25 /* AppDelegate.swift */,
				4CA247441A5783EA00293D25 /* MasterViewController.swift */,
				4CA247461A5783EA00293D25 /* DetailViewController.swift */,
				4CA247481A5783EA00293D25 /* Main.storyboard */,
				4C5154061A578DAC00B0CA8F /* Scorer.swift */,
				4CA2474B1A5783EA00293D25 /* Images.xcassets */,
				4CA2474D1A5783EA00293D25 /* LaunchScreen.xib */,
				4CA247411A5783EA00293D25 /* Score__500.xcdatamodeld */,
				4CA2473D1A5783EA00293D25 /* Supporting Files */,
			);
			path = "Score! 500";
			sourceTree = "<group>";
		};
		4CA2473D1A5783EA00293D25 /* Supporting Files */ = {
			isa = PBXGroup;
			children = (
				4CA2473E1A5783EA00293D25 /* Info.plist */,
			);
			name = "Supporting Files";
			sourceTree = "<group>";
		};
		4CA247571A5783EA00293D25 /* Score! 500Tests */ = {
			isa = PBXGroup;
			children = (
				4CA2475A1A5783EA00293D25 /* Score__500Tests.swift */,
				4CA247581A5783EA00293D25 /* Supporting Files */,
			);
			path = "Score! 500Tests";
			sourceTree = "<group>";
		};
		4CA247581A5783EA00293D25 /* Supporting Files */ = {
			isa = PBXGroup;
			children = (
				4CA247591A5783EA00293D25 /* Info.plist */,
			);
			name = "Supporting Files";
			sourceTree = "<group>";
		};
/* End PBXGroup section */

/* Begin PBXNativeTarget section */
		4CA247391A5783EA00293D25 /* Score! 500 */ = {
			isa = PBXNativeTarget;
			buildConfigurationList = 4CA2475E1A5783EA00293D25 /* Build configuration list for PBXNativeTarget "Score! 500" */;
			buildPhases = (
				4CA247361A5783EA00293D25 /* Sources */,
				4CA247371A5783EA00293D25 /* Frameworks */,
				4CA247381A5783EA00293D25 /* Resources */,
			);
			buildRules = (
			);
			dependencies = (
			);
			name = "Score! 500";
			productName = "Score! 500";
			productReference = 4CA2473A1A5783EA00293D25 /* Score! 500.app */;
			productType = "com.apple.product-type.application";
		};
		4CA247531A5783EA00293D25 /* Score! 500Tests */ = {
			isa = PBXNativeTarget;
			buildConfigurationList = 4CA247611A5783EA00293D25 /* Build configuration list for PBXNativeTarget "Score! 500Tests" */;
			buildPhases = (
				4CA247501A5783EA00293D25 /* Sources */,
				4CA247511A5783EA00293D25 /* Frameworks */,
				4CA247521A5783EA00293D25 /* Resources */,
			);
			buildRules = (
			);
			dependencies = (
				4CA247561A5783EA00293D25 /* PBXTargetDependency */,
			);
			name = "Score! 500Tests";
			productName = "Score! 500Tests";
			productReference = 4CA247541A5783EA00293D25 /* Score! 500Tests.xctest */;
			productType = "com.apple.product-type.bundle.unit-test";
		};
/* End PBXNativeTarget section */

/* Begin PBXProject section */
		4CA247321A5783EA00293D25 /* Project object */ = {
			isa = PBXProject;
			attributes = {
				LastUpgradeCheck = 0610;
				ORGANIZATIONNAME = "Catherine Wise";
				TargetAttributes = {
					4CA247391A5783EA00293D25 = {
						CreatedOnToolsVersion = 6.1.1;
					};
					4CA247531A5783EA00293D25 = {
						CreatedOnToolsVersion = 6.1.1;
						TestTargetID = 4CA247391A5783EA00293D25;
					};
				};
			};
			buildConfigurationList = 4CA247351A5783EA00293D25 /* Build configuration list for PBXProject "Score! 500" */;
			compatibilityVersion = "Xcode 3.2";
			developmentRegion = English;
			hasScannedForEncodings = 0;
			knownRegions = (
				en,
				Base,
			);
			mainGroup = 4CA247311A5783EA00293D25;
			productRefGroup = 4CA2473B1A5783EA00293D25 /* Products */;
			projectDirPath = "";
			projectRoot = "";
			targets = (
				4CA247391A5783EA00293D25 /* Score! 500 */,
				4CA247531A5783EA00293D25 /* Score! 500Tests */,
			);
		};
/* End PBXProject section */

/* Begin PBXResourcesBuildPhase section */
		4CA247381A5783EA00293D25 /* Resources */ = {
			isa = PBXResourcesBuildPhase;
			buildActionMask = 2147483647;
			files = (
				4CA2474A1A5783EA00293D25 /* Main.storyboard in Resources */,
				4CA2474F1A5783EA00293D25 /* LaunchScreen.xib in Resources */,
				4CA2474C1A5783EA00293D25 /* Images.xcassets in Resources */,
			);
			runOnlyForDeploymentPostprocessing = 0;
		};
		4CA247521A5783EA00293D25 /* Resources */ = {
			isa = PBXResourcesBuildPhase;
			buildActionMask = 2147483647;
			files = (
			);
			runOnlyForDeploymentPostprocessing = 0;
		};
/* End PBXResourcesBuildPhase section */

/* Begin PBXSourcesBuildPhase section */
		4CA247361A5783EA00293D25 /* Sources */ = {
			isa = PBXSourcesBuildPhase;
			buildActionMask = 2147483647;
			files = (
				4CA247431A5783EA00293D25 /* Score__500.xcdatamodeld in Sources */,
				4CA247401A5783EA00293D25 /* AppDelegate.swift in Sources */,
				4C5154071A578DAC00B0CA8F /* Scorer.swift in Sources */,
				4CA247451A5783EA00293D25 /* MasterViewController.swift in Sources */,
				4CA247471A5783EA00293D25 /* DetailViewController.swift in Sources */,
			);
			runOnlyForDeploymentPostprocessing = 0;
		};
		4CA247501A5783EA00293D25 /* Sources */ = {
			isa = PBXSourcesBuildPhase;
			buildActionMask = 2147483647;
			files = (
				4CA2475B1A5783EA00293D25 /* Score__500Tests.swift in Sources */,
			);
			runOnlyForDeploymentPostprocessing = 0;
		};
/* End PBXSourcesBuildPhase section */

/* Begin PBXTargetDependency section */
		4CA247561A5783EA00293D25 /* PBXTargetDependency */ = {
			isa = PBXTargetDependency;
			target = 4CA247391A5783EA00293D25 /* Score! 500 */;
			targetProxy = 4CA247551A5783EA00293D25 /* PBXContainerItemProxy */;
		};
/* End PBXTargetDependency section */

/* Begin PBXVariantGroup section */
		4CA247481A5783EA00293D25 /* Main.storyboard */ = {
			isa = PBXVariantGroup;
			children = (
				4CA247491A5783EA00293D25 /* Base */,
			);
			name = Main.storyboard;
			sourceTree = "<group>";
		};
		4CA2474D1A5783EA00293D25 /* LaunchScreen.xib */ = {
			isa = PBXVariantGroup;
			children = (
				4CA2474E1A5783EA00293D25 /* Base */,
			);
			name = LaunchScreen.xib;
			sourceTree = "<group>";
		};
/* End PBXVariantGroup section */

/* Begin XCBuildConfiguration section */
		4CA2475C1A5783EA00293D25 /* Debug */ = {
			isa = XCBuildConfiguration;
			buildSettings = {
				ALWAYS_SEARCH_USER_PATHS = NO;
				CLANG_CXX_LANGUAGE_STANDARD = "gnu++0x";
				CLANG_CXX_LIBRARY = "libc++";
				CLANG_ENABLE_MODULES = YES;
				CLANG_ENABLE_OBJC_ARC = YES;
				CLANG_WARN_BOOL_CONVERSION = YES;
				CLANG_WARN_CONSTANT_CONVERSION = YES;
				CLANG_WARN_DIRECT_OBJC_ISA_USAGE = YES_ERROR;
				CLANG_WARN_EMPTY_BODY = YES;
				CLANG_WARN_ENUM_CONVERSION = YES;
				CLANG_WARN_INT_CONVERSION = YES;
				CLANG_WARN_OBJC_ROOT_CLASS = YES_ERROR;
				CLANG_WARN_UNREACHABLE_CODE = YES;
				CLANG_WARN__DUPLICATE_METHOD_MATCH = YES;
				"CODE_SIGN_IDENTITY[sdk=iphoneos*]" = "iPhone Developer";
				COPY_PHASE_STRIP = NO;
				ENABLE_STRICT_OBJC_MSGSEND = YES;
				GCC_C_LANGUAGE_STANDARD = gnu99;
				GCC_DYNAMIC_NO_PIC = NO;
				GCC_OPTIMIZATION_LEVEL = 0;
				GCC_PREPROCESSOR_DEFINITIONS = (
					"DEBUG=1",
					"$(inherited)",
				);
				GCC_SYMBOLS_PRIVATE_EXTERN = NO;
				GCC_WARN_64_TO_32_BIT_CONVERSION = YES;
				GCC_WARN_ABOUT_RETURN_TYPE = YES_ERROR;
				GCC_WARN_UNDECLARED_SELECTOR = YES;
				GCC_WARN_UNINITIALIZED_AUTOS = YES_AGGRESSIVE;
				GCC_WARN_UNUSED_FUNCTION = YES;
				GCC_WARN_UNUSED_VARIABLE = YES;
				IPHONEOS_DEPLOYMENT_TARGET = 8.1;
				MTL_ENABLE_DEBUG_INFO = YES;
				ONLY_ACTIVE_ARCH = YES;
				SDKROOT = iphoneos;
				SWIFT_OPTIMIZATION_LEVEL = "-Onone";
				TARGETED_DEVICE_FAMILY = "1,2";
			};
			name = Debug;
		};
		4CA2475D1A5783EA00293D25 /* Release */ = {
			isa = XCBuildConfiguration;
			buildSettings = {
				ALWAYS_SEARCH_USER_PATHS = NO;
				CLANG_CXX_LANGUAGE_STANDARD = "gnu++0x";
				CLANG_CXX_LIBRARY = "libc++";
				CLANG_ENABLE_MODULES = YES;
				CLANG_ENABLE_OBJC_ARC = YES;
				CLANG_WARN_BOOL_CONVERSION = YES;
				CLANG_WARN_CONSTANT_CONVERSION = YES;
				CLANG_WARN_DIRECT_OBJC_ISA_USAGE = YES_ERROR;
				CLANG_WARN_EMPTY_BODY = YES;
				CLANG_WARN_ENUM_CONVERSION = YES;
				CLANG_WARN_INT_CONVERSION = YES;
				CLANG_WARN_OBJC_ROOT_CLASS = YES_ERROR;
				CLANG_WARN_UNREACHABLE_CODE = YES;
				CLANG_WARN__DUPLICATE_METHOD_MATCH = YES;
				"CODE_SIGN_IDENTITY[sdk=iphoneos*]" = "iPhone Developer";
				COPY_PHASE_STRIP = YES;
				ENABLE_NS_ASSERTIONS = NO;
				ENABLE_STRICT_OBJC_MSGSEND = YES;
				GCC_C_LANGUAGE_STANDARD = gnu99;
				GCC_WARN_64_TO_32_BIT_CONVERSION = YES;
				GCC_WARN_ABOUT_RETURN_TYPE = YES_ERROR;
				GCC_WARN_UNDECLARED_SELECTOR = YES;
				GCC_WARN_UNINITIALIZED_AUTOS = YES_AGGRESSIVE;
				GCC_WARN_UNUSED_FUNCTION = YES;
				GCC_WARN_UNUSED_VARIABLE = YES;
				IPHONEOS_DEPLOYMENT_TARGET = 8.1;
				MTL_ENABLE_DEBUG_INFO = NO;
				SDKROOT = iphoneos;
				TARGETED_DEVICE_FAMILY = "1,2";
				VALIDATE_PRODUCT = YES;
			};
			name = Release;
		};
		4CA2475F1A5783EA00293D25 /* Debug */ = {
			isa = XCBuildConfiguration;
			buildSettings = {
				ASSETCATALOG_COMPILER_APPICON_NAME = AppIcon;
				INFOPLIST_FILE = "Score! 500/Info.plist";
				LD_RUNPATH_SEARCH_PATHS = "$(inherited) @executable_path/Frameworks";
				PRODUCT_NAME = "$(TARGET_NAME)";
			};
			name = Debug;
		};
		4CA247601A5783EA00293D25 /* Release */ = {
			isa = XCBuildConfiguration;
			buildSettings = {
				ASSETCATALOG_COMPILER_APPICON_NAME = AppIcon;
				INFOPLIST_FILE = "Score! 500/Info.plist";
				LD_RUNPATH_SEARCH_PATHS = "$(inherited) @executable_path/Frameworks";
				PRODUCT_NAME = "$(TARGET_NAME)";
			};
			name = Release;
		};
		4CA247621A5783EA00293D25 /* Debug */ = {
			isa = XCBuildConfiguration;
			buildSettings = {
				BUNDLE_LOADER = "$(TEST_HOST)";
				FRAMEWORK_SEARCH_PATHS = (
					"$(SDKROOT)/Developer/Library/Frameworks",
					"$(inherited)",
				);
				GCC_PREPROCESSOR_DEFINITIONS = (
					"DEBUG=1",
					"$(inherited)",
				);
				INFOPLIST_FILE = "Score! 500Tests/Info.plist";
				LD_RUNPATH_SEARCH_PATHS = "$(inherited) @executable_path/Frameworks @loader_path/Frameworks";
				PRODUCT_NAME = "$(TARGET_NAME)";
				TEST_HOST = "$(BUILT_PRODUCTS_DIR)/Score! 500.app/Score! 500";
			};
			name = Debug;
		};
		4CA247631A5783EA00293D25 /* Release */ = {
			isa = XCBuildConfiguration;
			buildSettings = {
				BUNDLE_LOADER = "$(TEST_HOST)";
				FRAMEWORK_SEARCH_PATHS = (
					"$(SDKROOT)/Developer/Library/Frameworks",
					"$(inherited)",
				);
				INFOPLIST_FILE = "Score! 500Tests/Info.plist";
				LD_RUNPATH_SEARCH_PATHS = "$(inherited) @executable_path/Frameworks @loader_path/Frameworks";
				PRODUCT_NAME = "$(TARGET_NAME)";
				TEST_HOST = "$(BUILT_PRODUCTS_DIR)/Score! 500.app/Score! 500";
			};
			name = Release;
		};
/* End XCBuildConfiguration section */

/* Begin XCConfigurationList section */
		4CA247351A5783EA00293D25 /* Build configuration list for PBXProject "Score! 500" */ = {
			isa = XCConfigurationList;
			buildConfigurations = (
				4CA2475C1A5783EA00293D25 /* Debug */,
				4CA2475D1A5783EA00293D25 /* Release */,
			);
			defaultConfigurationIsVisible = 0;
			defaultConfigurationName = Release;
		};
		4CA2475E1A5783EA00293D25 /* Build configuration list for PBXNativeTarget "Score! 500" */ = {
			isa = XCConfigurationList;
			buildConfigurations = (
				4CA2475F1A5783EA00293D25 /* Debug */,
				4CA247601A5783EA00293D25 /* Release */,
			);
			defaultConfigurationIsVisible = 0;
			defaultConfigurationName = Release;
		};
		4CA247611A5783EA00293D25 /* Build configuration list for PBXNativeTarget "Score! 500Tests" */ = {
			isa = XCConfigurationList;
			buildConfigurations = (
				4CA247621A5783EA00293D25 /* Debug */,
				4CA247631A5783EA00293D25 /* Release */,
			);
			defaultConfigurationIsVisible = 0;
			defaultConfigurationName = Release;
		};
/* End XCConfigurationList section */

/* Begin XCVersionGroup section */
		4CA247411A5783EA00293D25 /* Score__500.xcdatamodeld */ = {
			isa = XCVersionGroup;
			children = (
				4CA247421A5783EA00293D25 /* Score__500.xcdatamodel */,
			);
			currentVersion = 4CA247421A5783EA00293D25 /* Score__500.xcdatamodel */;
			path = Score__500.xcdatamodeld;
			sourceTree = "<group>";
			versionGroupType = wrapper.xcdatamodel;
		};
/* End XCVersionGroup section */
	};
	rootObject = 4CA247321A5783EA00293D25 /* Project object */;
}
